
Microsoft Visual Studio Solution File, Format Version 12.00
# Visual Studio Version 16
VisualStudioVersion = 16.0.31410.357
MinimumVisualStudioVersion = 10.0.40219.1
Project("{FAE04EC0-301F-11D3-BF4B-00C04F79EFBC}") = "wa-1", "wa-1\wa-1.csproj", "{7711F7FD-80A0-4594-8578-54BD9836D968}"
EndProject
Project("{FAE04EC0-301F-11D3-BF4B-00C04F79EFBC}") = "hw-1", "hw-1\hw-1.csproj", "{0F8DEDD8-E0DF-4D39-861A-237238573305}"
EndProject
Global
	GlobalSection(SolutionConfigurationPlatforms) = preSolution
		Debug|Any CPU = Debug|Any CPU
		Release|Any CPU = Release|Any CPU
	EndGlobalSection
	GlobalSection(ProjectConfigurationPlatforms) = postSolution
		{7711F7FD-80A0-4594-8578-54BD9836D968}.Debug|Any CPU.ActiveCfg = Debug|Any CPU
		{7711F7FD-80A0-4594-8578-54BD9836D968}.Debug|Any CPU.Build.0 = Debug|Any CPU
		{7711F7FD-80A0-4594-8578-54BD9836D968}.Release|Any CPU.ActiveCfg = Release|Any CPU
		{7711F7FD-80A0-4594-8578-54BD9836D968}.Release|Any CPU.Build.0 = Release|Any CPU
		{0F8DEDD8-E0DF-4D39-861A-237238573305}.Debug|Any CPU.ActiveCfg = Debug|Any CPU
		{0F8DEDD8-E0DF-4D39-861A-237238573305}.Debug|Any CPU.Build.0 = Debug|Any CPU
		{0F8DEDD8-E0DF-4D39-861A-237238573305}.Release|Any CPU.ActiveCfg = Release|Any CPU
		{0F8DEDD8-E0DF-4D39-861A-237238573305}.Release|Any CPU.Build.0 = Release|Any CPU
	EndGlobalSection
	GlobalSection(SolutionProperties) = preSolution
		HideSolutionNode = FALSE
	EndGlobalSection
	GlobalSection(ExtensibilityGlobals) = postSolution
		SolutionGuid = {43C96517-C029-4E46-8DFD-8C2716A29A60}
	EndGlobalSection
EndGlobal
